
Microsoft Visual Studio Solution File, Format Version 12.00
# Visual Studio Version 17
VisualStudioVersion = 17.5.33530.505
MinimumVisualStudioVersion = 10.0.40219.1
Project("{9A19103F-16F7-4668-BE54-9A1E7A4F7556}") = "Entities", "Entities\Entities.csproj", "{07510D5D-EB74-4242-A859-3C08E17276B5}"
EndProject
Project("{9A19103F-16F7-4668-BE54-9A1E7A4F7556}") = "DAL", "DAL\DAL.csproj", "{374042A9-8198-4ED5-89CF-733F39562254}"
EndProject
Project("{FAE04EC0-301F-11D3-BF4B-00C04F79EFBC}") = "BLL", "BLL\BLL.csproj", "{0E85E898-84E5-4801-AFC0-5BAB2EBB3B05}"
EndProject
Project("{FAE04EC0-301F-11D3-BF4B-00C04F79EFBC}") = "CalorimeterUI", "CalorimeterUI\CalorimeterUI.csproj", "{87AEC6BF-417B-4510-9321-E2B98A8B660C}"
EndProject
Global
	GlobalSection(SolutionConfigurationPlatforms) = preSolution
		Debug|Any CPU = Debug|Any CPU
		Release|Any CPU = Release|Any CPU
	EndGlobalSection
	GlobalSection(ProjectConfigurationPlatforms) = postSolution
		{07510D5D-EB74-4242-A859-3C08E17276B5}.Debug|Any CPU.ActiveCfg = Debug|Any CPU
		{07510D5D-EB74-4242-A859-3C08E17276B5}.Debug|Any CPU.Build.0 = Debug|Any CPU
		{07510D5D-EB74-4242-A859-3C08E17276B5}.Release|Any CPU.ActiveCfg = Release|Any CPU
		{07510D5D-EB74-4242-A859-3C08E17276B5}.Release|Any CPU.Build.0 = Release|Any CPU
		{374042A9-8198-4ED5-89CF-733F39562254}.Debug|Any CPU.ActiveCfg = Debug|Any CPU
		{374042A9-8198-4ED5-89CF-733F39562254}.Debug|Any CPU.Build.0 = Debug|Any CPU
		{374042A9-8198-4ED5-89CF-733F39562254}.Release|Any CPU.ActiveCfg = Release|Any CPU
		{374042A9-8198-4ED5-89CF-733F39562254}.Release|Any CPU.Build.0 = Release|Any CPU
		{0E85E898-84E5-4801-AFC0-5BAB2EBB3B05}.Debug|Any CPU.ActiveCfg = Debug|Any CPU
		{0E85E898-84E5-4801-AFC0-5BAB2EBB3B05}.Debug|Any CPU.Build.0 = Debug|Any CPU
		{0E85E898-84E5-4801-AFC0-5BAB2EBB3B05}.Release|Any CPU.ActiveCfg = Release|Any CPU
		{0E85E898-84E5-4801-AFC0-5BAB2EBB3B05}.Release|Any CPU.Build.0 = Release|Any CPU
		{87AEC6BF-417B-4510-9321-E2B98A8B660C}.Debug|Any CPU.ActiveCfg = Debug|Any CPU
		{87AEC6BF-417B-4510-9321-E2B98A8B660C}.Debug|Any CPU.Build.0 = Debug|Any CPU
		{87AEC6BF-417B-4510-9321-E2B98A8B660C}.Release|Any CPU.ActiveCfg = Release|Any CPU
		{87AEC6BF-417B-4510-9321-E2B98A8B660C}.Release|Any CPU.Build.0 = Release|Any CPU
	EndGlobalSection
	GlobalSection(SolutionProperties) = preSolution
		HideSolutionNode = FALSE
	EndGlobalSection
	GlobalSection(ExtensibilityGlobals) = postSolution
		SolutionGuid = {4EC4ECAE-BB90-484C-B037-D41A15547506}
	EndGlobalSection
EndGlobal
